
Microsoft Visual Studio Solution File, Format Version 12.00
# Visual Studio Version 16
VisualStudioVersion = 16.0.30413.136
MinimumVisualStudioVersion = 10.0.40219.1
Project("{FAE04EC0-301F-11D3-BF4B-00C04F79EFBC}") = "UTF3-EJER3", "UTF3-EJER3\UTF3-EJER3.csproj", "{59657BDD-607D-40C9-BAC4-A56AAA105243}"
EndProject
Global
	GlobalSection(SolutionConfigurationPlatforms) = preSolution
		Debug|Any CPU = Debug|Any CPU
		Release|Any CPU = Release|Any CPU
	EndGlobalSection
	GlobalSection(ProjectConfigurationPlatforms) = postSolution
		{59657BDD-607D-40C9-BAC4-A56AAA105243}.Debug|Any CPU.ActiveCfg = Debug|Any CPU
		{59657BDD-607D-40C9-BAC4-A56AAA105243}.Debug|Any CPU.Build.0 = Debug|Any CPU
		{59657BDD-607D-40C9-BAC4-A56AAA105243}.Release|Any CPU.ActiveCfg = Release|Any CPU
		{59657BDD-607D-40C9-BAC4-A56AAA105243}.Release|Any CPU.Build.0 = Release|Any CPU
	EndGlobalSection
	GlobalSection(SolutionProperties) = preSolution
		HideSolutionNode = FALSE
	EndGlobalSection
	GlobalSection(ExtensibilityGlobals) = postSolution
		SolutionGuid = {6FB9B1B9-9070-436D-AA88-749DADC0C69B}
	EndGlobalSection
EndGlobal
